
Microsoft Visual Studio Solution File, Format Version 12.00
# Visual Studio Version 17
VisualStudioVersion = 17.0.32014.148
MinimumVisualStudioVersion = 10.0.40219.1
Project("{9A19103F-16F7-4668-BE54-9A1E7A4F7556}") = "WebApi", "WebApi.csproj", "{DEC19B55-F9E5-4D8F-A647-D2B59C9B0FF9}"
EndProject
Project("{FAE04EC0-301F-11D3-BF4B-00C04F79EFBC}") = "MyRide", "..\MyRide\MyRide.csproj", "{09C10445-33E0-46A4-AE5F-88A00CEF276F}"
EndProject
Global
	GlobalSection(SolutionConfigurationPlatforms) = preSolution
		Debug|Any CPU = Debug|Any CPU
		Release|Any CPU = Release|Any CPU
	EndGlobalSection
	GlobalSection(ProjectConfigurationPlatforms) = postSolution
		{DEC19B55-F9E5-4D8F-A647-D2B59C9B0FF9}.Debug|Any CPU.ActiveCfg = Debug|Any CPU
		{DEC19B55-F9E5-4D8F-A647-D2B59C9B0FF9}.Debug|Any CPU.Build.0 = Debug|Any CPU
		{DEC19B55-F9E5-4D8F-A647-D2B59C9B0FF9}.Release|Any CPU.ActiveCfg = Release|Any CPU
		{DEC19B55-F9E5-4D8F-A647-D2B59C9B0FF9}.Release|Any CPU.Build.0 = Release|Any CPU
		{09C10445-33E0-46A4-AE5F-88A00CEF276F}.Debug|Any CPU.ActiveCfg = Debug|Any CPU
		{09C10445-33E0-46A4-AE5F-88A00CEF276F}.Debug|Any CPU.Build.0 = Debug|Any CPU
		{09C10445-33E0-46A4-AE5F-88A00CEF276F}.Release|Any CPU.ActiveCfg = Release|Any CPU
		{09C10445-33E0-46A4-AE5F-88A00CEF276F}.Release|Any CPU.Build.0 = Release|Any CPU
	EndGlobalSection
	GlobalSection(SolutionProperties) = preSolution
		HideSolutionNode = FALSE
	EndGlobalSection
	GlobalSection(ExtensibilityGlobals) = postSolution
		SolutionGuid = {5895A1B3-7109-423F-A44B-5B5BF15F68C8}
	EndGlobalSection
EndGlobal
